
Microsoft Visual Studio Solution File, Format Version 12.00
# Visual Studio Version 16
VisualStudioVersion = 16.0.30804.86
MinimumVisualStudioVersion = 10.0.40219.1
Project("{9A19103F-16F7-4668-BE54-9A1E7A4F7556}") = "Brickwork", "Brickwork\Brickwork.csproj", "{DD139551-61C8-4C4B-B3A4-6B07A0D92F2F}"
EndProject
Global
	GlobalSection(SolutionConfigurationPlatforms) = preSolution
		Debug|Any CPU = Debug|Any CPU
		Release|Any CPU = Release|Any CPU
	EndGlobalSection
	GlobalSection(ProjectConfigurationPlatforms) = postSolution
		{DD139551-61C8-4C4B-B3A4-6B07A0D92F2F}.Debug|Any CPU.ActiveCfg = Debug|Any CPU
		{DD139551-61C8-4C4B-B3A4-6B07A0D92F2F}.Debug|Any CPU.Build.0 = Debug|Any CPU
		{DD139551-61C8-4C4B-B3A4-6B07A0D92F2F}.Release|Any CPU.ActiveCfg = Release|Any CPU
		{DD139551-61C8-4C4B-B3A4-6B07A0D92F2F}.Release|Any CPU.Build.0 = Release|Any CPU
	EndGlobalSection
	GlobalSection(SolutionProperties) = preSolution
		HideSolutionNode = FALSE
	EndGlobalSection
	GlobalSection(ExtensibilityGlobals) = postSolution
		SolutionGuid = {979833BF-B9D9-4D44-A990-1DA3C31B6EAC}
	EndGlobalSection
EndGlobal
